
Microsoft Visual Studio Solution File, Format Version 12.00
# Visual Studio Version 16
VisualStudioVersion = 16.0.30517.126
MinimumVisualStudioVersion = 10.0.40219.1
Project("{9A19103F-16F7-4668-BE54-9A1E7A4F7556}") = "WebApplication1", "WebApplication1\WebApplication1.csproj", "{159A1AC5-1F30-492C-BF44-A29103F4D98E}"
EndProject
Project("{9A19103F-16F7-4668-BE54-9A1E7A4F7556}") = "ConsoleApp1", "ConsoleApp1\ConsoleApp1.csproj", "{9AC8D944-A802-40D4-99FC-2E020D52C8CC}"
EndProject
Project("{9A19103F-16F7-4668-BE54-9A1E7A4F7556}") = "APIDemo", "APIDemo\APIDemo.csproj", "{275C646D-FA8A-43FA-B525-ED37CDDEE4F2}"
EndProject
Project("{9A19103F-16F7-4668-BE54-9A1E7A4F7556}") = "IService", "IService\IService.csproj", "{8165453D-AE78-4761-B477-14AE21632DF0}"
EndProject
Project("{9A19103F-16F7-4668-BE54-9A1E7A4F7556}") = "Service", "Service\Service.csproj", "{55143B59-A02D-4EB1-ACD5-5D38D90B5B04}"
EndProject
Project("{9A19103F-16F7-4668-BE54-9A1E7A4F7556}") = "AppDe", "AppDe\AppDe.csproj", "{304B9B56-FBA6-44E8-BA8B-CDBE8132B253}"
EndProject
Project("{8BC9CEB8-8B4A-11D0-8D11-00A0C91BC942}") = "Demo_C++", "Demo_C++\Demo_C++.vcxproj", "{91EA8B6B-DAA0-420E-A6F1-A1B55E8B0661}"
EndProject
Project("{FAE04EC0-301F-11D3-BF4B-00C04F79EFBC}") = "SQLiteDe", "SQLiteDe\SQLiteDe.csproj", "{EA90E868-69F5-4B39-BD7B-70A5095EF7D7}"
EndProject
Global
	GlobalSection(SolutionConfigurationPlatforms) = preSolution
		Debug|Any CPU = Debug|Any CPU
		Debug|x64 = Debug|x64
		Debug|x86 = Debug|x86
		Release|Any CPU = Release|Any CPU
		Release|x64 = Release|x64
		Release|x86 = Release|x86
	EndGlobalSection
	GlobalSection(ProjectConfigurationPlatforms) = postSolution
		{159A1AC5-1F30-492C-BF44-A29103F4D98E}.Debug|Any CPU.ActiveCfg = Debug|Any CPU
		{159A1AC5-1F30-492C-BF44-A29103F4D98E}.Debug|Any CPU.Build.0 = Debug|Any CPU
		{159A1AC5-1F30-492C-BF44-A29103F4D98E}.Debug|x64.ActiveCfg = Debug|Any CPU
		{159A1AC5-1F30-492C-BF44-A29103F4D98E}.Debug|x64.Build.0 = Debug|Any CPU
		{159A1AC5-1F30-492C-BF44-A29103F4D98E}.Debug|x86.ActiveCfg = Debug|Any CPU
		{159A1AC5-1F30-492C-BF44-A29103F4D98E}.Debug|x86.Build.0 = Debug|Any CPU
		{159A1AC5-1F30-492C-BF44-A29103F4D98E}.Release|Any CPU.ActiveCfg = Release|Any CPU
		{159A1AC5-1F30-492C-BF44-A29103F4D98E}.Release|Any CPU.Build.0 = Release|Any CPU
		{159A1AC5-1F30-492C-BF44-A29103F4D98E}.Release|x64.ActiveCfg = Release|Any CPU
		{159A1AC5-1F30-492C-BF44-A29103F4D98E}.Release|x64.Build.0 = Release|Any CPU
		{159A1AC5-1F30-492C-BF44-A29103F4D98E}.Release|x86.ActiveCfg = Release|Any CPU
		{159A1AC5-1F30-492C-BF44-A29103F4D98E}.Release|x86.Build.0 = Release|Any CPU
		{9AC8D944-A802-40D4-99FC-2E020D52C8CC}.Debug|Any CPU.ActiveCfg = Debug|Any CPU
		{9AC8D944-A802-40D4-99FC-2E020D52C8CC}.Debug|Any CPU.Build.0 = Debug|Any CPU
		{9AC8D944-A802-40D4-99FC-2E020D52C8CC}.Debug|x64.ActiveCfg = Debug|Any CPU
		{9AC8D944-A802-40D4-99FC-2E020D52C8CC}.Debug|x64.Build.0 = Debug|Any CPU
		{9AC8D944-A802-40D4-99FC-2E020D52C8CC}.Debug|x86.ActiveCfg = Debug|Any CPU
		{9AC8D944-A802-40D4-99FC-2E020D52C8CC}.Debug|x86.Build.0 = Debug|Any CPU
		{9AC8D944-A802-40D4-99FC-2E020D52C8CC}.Release|Any CPU.ActiveCfg = Release|Any CPU
		{9AC8D944-A802-40D4-99FC-2E020D52C8CC}.Release|Any CPU.Build.0 = Release|Any CPU
		{9AC8D944-A802-40D4-99FC-2E020D52C8CC}.Release|x64.ActiveCfg = Release|Any CPU
		{9AC8D944-A802-40D4-99FC-2E020D52C8CC}.Release|x64.Build.0 = Release|Any CPU
		{9AC8D944-A802-40D4-99FC-2E020D52C8CC}.Release|x86.ActiveCfg = Release|Any CPU
		{9AC8D944-A802-40D4-99FC-2E020D52C8CC}.Release|x86.Build.0 = Release|Any CPU
		{275C646D-FA8A-43FA-B525-ED37CDDEE4F2}.Debug|Any CPU.ActiveCfg = Debug|Any CPU
		{275C646D-FA8A-43FA-B525-ED37CDDEE4F2}.Debug|Any CPU.Build.0 = Debug|Any CPU
		{275C646D-FA8A-43FA-B525-ED37CDDEE4F2}.Debug|x64.ActiveCfg = Debug|Any CPU
		{275C646D-FA8A-43FA-B525-ED37CDDEE4F2}.Debug|x64.Build.0 = Debug|Any CPU
		{275C646D-FA8A-43FA-B525-ED37CDDEE4F2}.Debug|x86.ActiveCfg = Debug|Any CPU
		{275C646D-FA8A-43FA-B525-ED37CDDEE4F2}.Debug|x86.Build.0 = Debug|Any CPU
		{275C646D-FA8A-43FA-B525-ED37CDDEE4F2}.Release|Any CPU.ActiveCfg = Release|Any CPU
		{275C646D-FA8A-43FA-B525-ED37CDDEE4F2}.Release|Any CPU.Build.0 = Release|Any CPU
		{275C646D-FA8A-43FA-B525-ED37CDDEE4F2}.Release|x64.ActiveCfg = Release|Any CPU
		{275C646D-FA8A-43FA-B525-ED37CDDEE4F2}.Release|x64.Build.0 = Release|Any CPU
		{275C646D-FA8A-43FA-B525-ED37CDDEE4F2}.Release|x86.ActiveCfg = Release|Any CPU
		{275C646D-FA8A-43FA-B525-ED37CDDEE4F2}.Release|x86.Build.0 = Release|Any CPU
		{8165453D-AE78-4761-B477-14AE21632DF0}.Debug|Any CPU.ActiveCfg = Debug|Any CPU
		{8165453D-AE78-4761-B477-14AE21632DF0}.Debug|Any CPU.Build.0 = Debug|Any CPU
		{8165453D-AE78-4761-B477-14AE21632DF0}.Debug|x64.ActiveCfg = Debug|Any CPU
		{8165453D-AE78-4761-B477-14AE21632DF0}.Debug|x64.Build.0 = Debug|Any CPU
		{8165453D-AE78-4761-B477-14AE21632DF0}.Debug|x86.ActiveCfg = Debug|Any CPU
		{8165453D-AE78-4761-B477-14AE21632DF0}.Debug|x86.Build.0 = Debug|Any CPU
		{8165453D-AE78-4761-B477-14AE21632DF0}.Release|Any CPU.ActiveCfg = Release|Any CPU
		{8165453D-AE78-4761-B477-14AE21632DF0}.Release|Any CPU.Build.0 = Release|Any CPU
		{8165453D-AE78-4761-B477-14AE21632DF0}.Release|x64.ActiveCfg = Release|Any CPU
		{8165453D-AE78-4761-B477-14AE21632DF0}.Release|x64.Build.0 = Release|Any CPU
		{8165453D-AE78-4761-B477-14AE21632DF0}.Release|x86.ActiveCfg = Release|Any CPU
		{8165453D-AE78-4761-B477-14AE21632DF0}.Release|x86.Build.0 = Release|Any CPU
		{55143B59-A02D-4EB1-ACD5-5D38D90B5B04}.Debug|Any CPU.ActiveCfg = Debug|Any CPU
		{55143B59-A02D-4EB1-ACD5-5D38D90B5B04}.Debug|Any CPU.Build.0 = Debug|Any CPU
		{55143B59-A02D-4EB1-ACD5-5D38D90B5B04}.Debug|x64.ActiveCfg = Debug|Any CPU
		{55143B59-A02D-4EB1-ACD5-5D38D90B5B04}.Debug|x64.Build.0 = Debug|Any CPU
		{55143B59-A02D-4EB1-ACD5-5D38D90B5B04}.Debug|x86.ActiveCfg = Debug|Any CPU
		{55143B59-A02D-4EB1-ACD5-5D38D90B5B04}.Debug|x86.Build.0 = Debug|Any CPU
		{55143B59-A02D-4EB1-ACD5-5D38D90B5B04}.Release|Any CPU.ActiveCfg = Release|Any CPU
		{55143B59-A02D-4EB1-ACD5-5D38D90B5B04}.Release|Any CPU.Build.0 = Release|Any CPU
		{55143B59-A02D-4EB1-ACD5-5D38D90B5B04}.Release|x64.ActiveCfg = Release|Any CPU
		{55143B59-A02D-4EB1-ACD5-5D38D90B5B04}.Release|x64.Build.0 = Release|Any CPU
		{55143B59-A02D-4EB1-ACD5-5D38D90B5B04}.Release|x86.ActiveCfg = Release|Any CPU
		{55143B59-A02D-4EB1-ACD5-5D38D90B5B04}.Release|x86.Build.0 = Release|Any CPU
		{304B9B56-FBA6-44E8-BA8B-CDBE8132B253}.Debug|Any CPU.ActiveCfg = Debug|Any CPU
		{304B9B56-FBA6-44E8-BA8B-CDBE8132B253}.Debug|Any CPU.Build.0 = Debug|Any CPU
		{304B9B56-FBA6-44E8-BA8B-CDBE8132B253}.Debug|x64.ActiveCfg = Debug|Any CPU
		{304B9B56-FBA6-44E8-BA8B-CDBE8132B253}.Debug|x64.Build.0 = Debug|Any CPU
		{304B9B56-FBA6-44E8-BA8B-CDBE8132B253}.Debug|x86.ActiveCfg = Debug|Any CPU
		{304B9B56-FBA6-44E8-BA8B-CDBE8132B253}.Debug|x86.Build.0 = Debug|Any CPU
		{304B9B56-FBA6-44E8-BA8B-CDBE8132B253}.Release|Any CPU.ActiveCfg = Release|Any CPU
		{304B9B56-FBA6-44E8-BA8B-CDBE8132B253}.Release|Any CPU.Build.0 = Release|Any CPU
		{304B9B56-FBA6-44E8-BA8B-CDBE8132B253}.Release|x64.ActiveCfg = Release|Any CPU
		{304B9B56-FBA6-44E8-BA8B-CDBE8132B253}.Release|x64.Build.0 = Release|Any CPU
		{304B9B56-FBA6-44E8-BA8B-CDBE8132B253}.Release|x86.ActiveCfg = Release|Any CPU
		{304B9B56-FBA6-44E8-BA8B-CDBE8132B253}.Release|x86.Build.0 = Release|Any CPU
		{91EA8B6B-DAA0-420E-A6F1-A1B55E8B0661}.Debug|Any CPU.ActiveCfg = Debug|Win32
		{91EA8B6B-DAA0-420E-A6F1-A1B55E8B0661}.Debug|x64.ActiveCfg = Debug|x64
		{91EA8B6B-DAA0-420E-A6F1-A1B55E8B0661}.Debug|x64.Build.0 = Debug|x64
		{91EA8B6B-DAA0-420E-A6F1-A1B55E8B0661}.Debug|x86.ActiveCfg = Debug|Win32
		{91EA8B6B-DAA0-420E-A6F1-A1B55E8B0661}.Debug|x86.Build.0 = Debug|Win32
		{91EA8B6B-DAA0-420E-A6F1-A1B55E8B0661}.Release|Any CPU.ActiveCfg = Release|Win32
		{91EA8B6B-DAA0-420E-A6F1-A1B55E8B0661}.Release|x64.ActiveCfg = Release|x64
		{91EA8B6B-DAA0-420E-A6F1-A1B55E8B0661}.Release|x64.Build.0 = Release|x64
		{91EA8B6B-DAA0-420E-A6F1-A1B55E8B0661}.Release|x86.ActiveCfg = Release|Win32
		{91EA8B6B-DAA0-420E-A6F1-A1B55E8B0661}.Release|x86.Build.0 = Release|Win32
		{EA90E868-69F5-4B39-BD7B-70A5095EF7D7}.Debug|Any CPU.ActiveCfg = Debug|Any CPU
		{EA90E868-69F5-4B39-BD7B-70A5095EF7D7}.Debug|Any CPU.Build.0 = Debug|Any CPU
		{EA90E868-69F5-4B39-BD7B-70A5095EF7D7}.Debug|x64.ActiveCfg = Debug|Any CPU
		{EA90E868-69F5-4B39-BD7B-70A5095EF7D7}.Debug|x64.Build.0 = Debug|Any CPU
		{EA90E868-69F5-4B39-BD7B-70A5095EF7D7}.Debug|x86.ActiveCfg = Debug|Any CPU
		{EA90E868-69F5-4B39-BD7B-70A5095EF7D7}.Debug|x86.Build.0 = Debug|Any CPU
		{EA90E868-69F5-4B39-BD7B-70A5095EF7D7}.Release|Any CPU.ActiveCfg = Release|Any CPU
		{EA90E868-69F5-4B39-BD7B-70A5095EF7D7}.Release|Any CPU.Build.0 = Release|Any CPU
		{EA90E868-69F5-4B39-BD7B-70A5095EF7D7}.Release|x64.ActiveCfg = Release|Any CPU
		{EA90E868-69F5-4B39-BD7B-70A5095EF7D7}.Release|x64.Build.0 = Release|Any CPU
		{EA90E868-69F5-4B39-BD7B-70A5095EF7D7}.Release|x86.ActiveCfg = Release|Any CPU
		{EA90E868-69F5-4B39-BD7B-70A5095EF7D7}.Release|x86.Build.0 = Release|Any CPU
	EndGlobalSection
	GlobalSection(SolutionProperties) = preSolution
		HideSolutionNode = FALSE
	EndGlobalSection
	GlobalSection(ExtensibilityGlobals) = postSolution
		SolutionGuid = {4D69096C-079E-4B4A-B3D1-033693F15361}
	EndGlobalSection
EndGlobal
