
Microsoft Visual Studio Solution File, Format Version 12.00
# Visual Studio Version 16
VisualStudioVersion = 16.0.30517.126
MinimumVisualStudioVersion = 10.0.40219.1
Project("{9A19103F-16F7-4668-BE54-9A1E7A4F7556}") = "WebApplication1", "WebApplication1\WebApplication1.csproj", "{159A1AC5-1F30-492C-BF44-A29103F4D98E}"
EndProject
Project("{9A19103F-16F7-4668-BE54-9A1E7A4F7556}") = "ConsoleApp1", "ConsoleApp1\ConsoleApp1.csproj", "{9AC8D944-A802-40D4-99FC-2E020D52C8CC}"
EndProject
Project("{FAE04EC0-301F-11D3-BF4B-00C04F79EFBC}") = "APIDemo", "APIDemo\APIDemo.csproj", "{275C646D-FA8A-43FA-B525-ED37CDDEE4F2}"
EndProject
Project("{FAE04EC0-301F-11D3-BF4B-00C04F79EFBC}") = "IService", "IService\IService.csproj", "{8165453D-AE78-4761-B477-14AE21632DF0}"
EndProject
Project("{FAE04EC0-301F-11D3-BF4B-00C04F79EFBC}") = "Service", "Service\Service.csproj", "{55143B59-A02D-4EB1-ACD5-5D38D90B5B04}"
EndProject
Global
	GlobalSection(SolutionConfigurationPlatforms) = preSolution
		Debug|Any CPU = Debug|Any CPU
		Release|Any CPU = Release|Any CPU
	EndGlobalSection
	GlobalSection(ProjectConfigurationPlatforms) = postSolution
		{159A1AC5-1F30-492C-BF44-A29103F4D98E}.Debug|Any CPU.ActiveCfg = Debug|Any CPU
		{159A1AC5-1F30-492C-BF44-A29103F4D98E}.Debug|Any CPU.Build.0 = Debug|Any CPU
		{159A1AC5-1F30-492C-BF44-A29103F4D98E}.Release|Any CPU.ActiveCfg = Release|Any CPU
		{159A1AC5-1F30-492C-BF44-A29103F4D98E}.Release|Any CPU.Build.0 = Release|Any CPU
		{9AC8D944-A802-40D4-99FC-2E020D52C8CC}.Debug|Any CPU.ActiveCfg = Debug|Any CPU
		{9AC8D944-A802-40D4-99FC-2E020D52C8CC}.Debug|Any CPU.Build.0 = Debug|Any CPU
		{9AC8D944-A802-40D4-99FC-2E020D52C8CC}.Release|Any CPU.ActiveCfg = Release|Any CPU
		{9AC8D944-A802-40D4-99FC-2E020D52C8CC}.Release|Any CPU.Build.0 = Release|Any CPU
		{275C646D-FA8A-43FA-B525-ED37CDDEE4F2}.Debug|Any CPU.ActiveCfg = Debug|Any CPU
		{275C646D-FA8A-43FA-B525-ED37CDDEE4F2}.Debug|Any CPU.Build.0 = Debug|Any CPU
		{275C646D-FA8A-43FA-B525-ED37CDDEE4F2}.Release|Any CPU.ActiveCfg = Release|Any CPU
		{275C646D-FA8A-43FA-B525-ED37CDDEE4F2}.Release|Any CPU.Build.0 = Release|Any CPU
		{8165453D-AE78-4761-B477-14AE21632DF0}.Debug|Any CPU.ActiveCfg = Debug|Any CPU
		{8165453D-AE78-4761-B477-14AE21632DF0}.Debug|Any CPU.Build.0 = Debug|Any CPU
		{8165453D-AE78-4761-B477-14AE21632DF0}.Release|Any CPU.ActiveCfg = Release|Any CPU
		{8165453D-AE78-4761-B477-14AE21632DF0}.Release|Any CPU.Build.0 = Release|Any CPU
		{55143B59-A02D-4EB1-ACD5-5D38D90B5B04}.Debug|Any CPU.ActiveCfg = Debug|Any CPU
		{55143B59-A02D-4EB1-ACD5-5D38D90B5B04}.Debug|Any CPU.Build.0 = Debug|Any CPU
		{55143B59-A02D-4EB1-ACD5-5D38D90B5B04}.Release|Any CPU.ActiveCfg = Release|Any CPU
		{55143B59-A02D-4EB1-ACD5-5D38D90B5B04}.Release|Any CPU.Build.0 = Release|Any CPU
	EndGlobalSection
	GlobalSection(SolutionProperties) = preSolution
		HideSolutionNode = FALSE
	EndGlobalSection
	GlobalSection(ExtensibilityGlobals) = postSolution
		SolutionGuid = {4D69096C-079E-4B4A-B3D1-033693F15361}
	EndGlobalSection
EndGlobal
